
Microsoft Visual Studio Solution File, Format Version 12.00
# Visual Studio 15
VisualStudioVersion = 15.0.28010.2016
MinimumVisualStudioVersion = 10.0.40219.1
Project("{FAE04EC0-301F-11D3-BF4B-00C04F79EFBC}") = "ePay", "ePay\ePay.csproj", "{327A1123-0D44-4511-8F6B-1ABBB18A6453}"
EndProject
Global
	GlobalSection(SolutionConfigurationPlatforms) = preSolution
		Debug|Any CPU = Debug|Any CPU
		Release|Any CPU = Release|Any CPU
	EndGlobalSection
	GlobalSection(ProjectConfigurationPlatforms) = postSolution
		{327A1123-0D44-4511-8F6B-1ABBB18A6453}.Debug|Any CPU.ActiveCfg = Debug|Any CPU
		{327A1123-0D44-4511-8F6B-1ABBB18A6453}.Debug|Any CPU.Build.0 = Debug|Any CPU
		{327A1123-0D44-4511-8F6B-1ABBB18A6453}.Release|Any CPU.ActiveCfg = Release|Any CPU
		{327A1123-0D44-4511-8F6B-1ABBB18A6453}.Release|Any CPU.Build.0 = Release|Any CPU
	EndGlobalSection
	GlobalSection(SolutionProperties) = preSolution
		HideSolutionNode = FALSE
	EndGlobalSection
	GlobalSection(ExtensibilityGlobals) = postSolution
		SolutionGuid = {C34E5A97-AD7E-4EBA-8BD4-6A6140FC2993}
	EndGlobalSection
EndGlobal
